
Microsoft Visual Studio Solution File, Format Version 12.00
# Visual Studio Version 16
VisualStudioVersion = 16.0.30413.136
MinimumVisualStudioVersion = 10.0.40219.1
Project("{FAE04EC0-301F-11D3-BF4B-00C04F79EFBC}") = "CrudCrud", "CrudCrud\CrudCrud.csproj", "{7481A8D7-FC42-4103-9427-3E693FECB601}"
EndProject
Global
	GlobalSection(SolutionConfigurationPlatforms) = preSolution
		Debug|Any CPU = Debug|Any CPU
		Release|Any CPU = Release|Any CPU
	EndGlobalSection
	GlobalSection(ProjectConfigurationPlatforms) = postSolution
		{7481A8D7-FC42-4103-9427-3E693FECB601}.Debug|Any CPU.ActiveCfg = Debug|Any CPU
		{7481A8D7-FC42-4103-9427-3E693FECB601}.Debug|Any CPU.Build.0 = Debug|Any CPU
		{7481A8D7-FC42-4103-9427-3E693FECB601}.Release|Any CPU.ActiveCfg = Release|Any CPU
		{7481A8D7-FC42-4103-9427-3E693FECB601}.Release|Any CPU.Build.0 = Release|Any CPU
	EndGlobalSection
	GlobalSection(SolutionProperties) = preSolution
		HideSolutionNode = FALSE
	EndGlobalSection
	GlobalSection(ExtensibilityGlobals) = postSolution
		SolutionGuid = {E3070D64-DC6E-4649-99B6-A3E326CB9C0A}
	EndGlobalSection
EndGlobal
